// !$*UTF8*$!
{
	archiveVersion = 1;
	classes = {
	};
	objectVersion = 51;
	objects = {

/* Begin PBXBuildFile section */
		158215C1C2DCB224F6444E04 /* Pods_AsyncSocketTest.framework in Frameworks */ = {isa = PBXBuildFile; fileRef = 4333D1C69F3EC3768340D657 /* Pods_AsyncSocketTest.framework */; };
		62743F78714FBB71EED7ACC5 /* Pods_AsyncSocketTest_AsyncSocketTestUITests.framework in Frameworks */ = {isa = PBXBuildFile; fileRef = D719CF20E02D0143D37007F9 /* Pods_AsyncSocketTest_AsyncSocketTestUITests.framework */; };
		6943A8BB25E39ADC00587623 /* HostViewController.swift in Sources */ = {isa = PBXBuildFile; fileRef = 6943A8BA25E39ADC00587623 /* HostViewController.swift */; };
		6943A8C325E39B8C00587623 /* JoinViewController.swift in Sources */ = {isa = PBXBuildFile; fileRef = 6943A8C225E39B8C00587623 /* JoinViewController.swift */; };
		6943A8C925E39D2E00587623 /* Network.swift in Sources */ = {isa = PBXBuildFile; fileRef = 6943A8C825E39D2E00587623 /* Network.swift */; };
		6943A8DA25E3A28600587623 /* HostWorker.swift in Sources */ = {isa = PBXBuildFile; fileRef = 6943A8D925E3A28600587623 /* HostWorker.swift */; };
		6943A8DF25E3A30D00587623 /* HostPresenter.swift in Sources */ = {isa = PBXBuildFile; fileRef = 6943A8DE25E3A30D00587623 /* HostPresenter.swift */; };
		6943A8E425E3A57D00587623 /* JoinTableViewCell.swift in Sources */ = {isa = PBXBuildFile; fileRef = 6943A8E325E3A57D00587623 /* JoinTableViewCell.swift */; };
		6943A8E925E3A59200587623 /* JoinPresenter.swift in Sources */ = {isa = PBXBuildFile; fileRef = 6943A8E825E3A59200587623 /* JoinPresenter.swift */; };
		6943A8EE25E3A5BE00587623 /* JoinWorker.swift in Sources */ = {isa = PBXBuildFile; fileRef = 6943A8ED25E3A5BE00587623 /* JoinWorker.swift */; };
		6943A8F625E3AEE300587623 /* Extensions.swift in Sources */ = {isa = PBXBuildFile; fileRef = 6943A8F525E3AEE300587623 /* Extensions.swift */; };
		6943A8FB25E3B37200587623 /* WelcomeViewController.swift in Sources */ = {isa = PBXBuildFile; fileRef = 6943A8FA25E3B37200587623 /* WelcomeViewController.swift */; };
		69BE003325E3BF7A0010E852 /* WelcomeTableViewCell.swift in Sources */ = {isa = PBXBuildFile; fileRef = 69BE003225E3BF7A0010E852 /* WelcomeTableViewCell.swift */; };
		69DB05DD25E372D00023A80E /* AppDelegate.swift in Sources */ = {isa = PBXBuildFile; fileRef = 69DB05DC25E372D00023A80E /* AppDelegate.swift */; };
		69DB05DF25E372D00023A80E /* SceneDelegate.swift in Sources */ = {isa = PBXBuildFile; fileRef = 69DB05DE25E372D00023A80E /* SceneDelegate.swift */; };
		69DB05E125E372D00023A80E /* ViewController.swift in Sources */ = {isa = PBXBuildFile; fileRef = 69DB05E025E372D00023A80E /* ViewController.swift */; };
		69DB05E425E372D00023A80E /* Main.storyboard in Resources */ = {isa = PBXBuildFile; fileRef = 69DB05E225E372D00023A80E /* Main.storyboard */; };
		69DB05E625E372D20023A80E /* Assets.xcassets in Resources */ = {isa = PBXBuildFile; fileRef = 69DB05E525E372D20023A80E /* Assets.xcassets */; };
		69DB05E925E372D20023A80E /* LaunchScreen.storyboard in Resources */ = {isa = PBXBuildFile; fileRef = 69DB05E725E372D20023A80E /* LaunchScreen.storyboard */; };
		69DB05F425E372D30023A80E /* AsyncSocketTestTests.swift in Sources */ = {isa = PBXBuildFile; fileRef = 69DB05F325E372D30023A80E /* AsyncSocketTestTests.swift */; };
		69DB05FF25E372D30023A80E /* AsyncSocketTestUITests.swift in Sources */ = {isa = PBXBuildFile; fileRef = 69DB05FE25E372D30023A80E /* AsyncSocketTestUITests.swift */; };
		D423AE865811AF7336720DAD /* Pods_AsyncSocketTestTests.framework in Frameworks */ = {isa = PBXBuildFile; fileRef = 89C7AF8753CD52BE899E609A /* Pods_AsyncSocketTestTests.framework */; };
/* End PBXBuildFile section */

/* Begin PBXContainerItemProxy section */
		69DB05F025E372D30023A80E /* PBXContainerItemProxy */ = {
			isa = PBXContainerItemProxy;
			containerPortal = 69DB05D125E372D00023A80E /* Project object */;
			proxyType = 1;
			remoteGlobalIDString = 69DB05D825E372D00023A80E;
			remoteInfo = AsyncSocketTest;
		};
		69DB05FB25E372D30023A80E /* PBXContainerItemProxy */ = {
			isa = PBXContainerItemProxy;
			containerPortal = 69DB05D125E372D00023A80E /* Project object */;
			proxyType = 1;
			remoteGlobalIDString = 69DB05D825E372D00023A80E;
			remoteInfo = AsyncSocketTest;
		};
/* End PBXContainerItemProxy section */

/* Begin PBXFileReference section */
		2E279D207C82EE3434A68FC6 /* Pods-AsyncSocketTestTests.debug.xcconfig */ = {isa = PBXFileReference; includeInIndex = 1; lastKnownFileType = text.xcconfig; name = "Pods-AsyncSocketTestTests.debug.xcconfig"; path = "Target Support Files/Pods-AsyncSocketTestTests/Pods-AsyncSocketTestTests.debug.xcconfig"; sourceTree = "<group>"; };
		4333D1C69F3EC3768340D657 /* Pods_AsyncSocketTest.framework */ = {isa = PBXFileReference; explicitFileType = wrapper.framework; includeInIndex = 0; path = Pods_AsyncSocketTest.framework; sourceTree = BUILT_PRODUCTS_DIR; };
		6943A8BA25E39ADC00587623 /* HostViewController.swift */ = {isa = PBXFileReference; lastKnownFileType = sourcecode.swift; path = HostViewController.swift; sourceTree = "<group>"; };
		6943A8C225E39B8C00587623 /* JoinViewController.swift */ = {isa = PBXFileReference; lastKnownFileType = sourcecode.swift; path = JoinViewController.swift; sourceTree = "<group>"; };
		6943A8C825E39D2E00587623 /* Network.swift */ = {isa = PBXFileReference; lastKnownFileType = sourcecode.swift; path = Network.swift; sourceTree = "<group>"; };
		6943A8D925E3A28600587623 /* HostWorker.swift */ = {isa = PBXFileReference; lastKnownFileType = sourcecode.swift; path = HostWorker.swift; sourceTree = "<group>"; };
		6943A8DE25E3A30D00587623 /* HostPresenter.swift */ = {isa = PBXFileReference; lastKnownFileType = sourcecode.swift; path = HostPresenter.swift; sourceTree = "<group>"; };
		6943A8E325E3A57D00587623 /* JoinTableViewCell.swift */ = {isa = PBXFileReference; lastKnownFileType = sourcecode.swift; path = JoinTableViewCell.swift; sourceTree = "<group>"; };
		6943A8E825E3A59200587623 /* JoinPresenter.swift */ = {isa = PBXFileReference; lastKnownFileType = sourcecode.swift; path = JoinPresenter.swift; sourceTree = "<group>"; };
		6943A8ED25E3A5BE00587623 /* JoinWorker.swift */ = {isa = PBXFileReference; lastKnownFileType = sourcecode.swift; path = JoinWorker.swift; sourceTree = "<group>"; };
		6943A8F525E3AEE300587623 /* Extensions.swift */ = {isa = PBXFileReference; lastKnownFileType = sourcecode.swift; path = Extensions.swift; sourceTree = "<group>"; };
		6943A8FA25E3B37200587623 /* WelcomeViewController.swift */ = {isa = PBXFileReference; lastKnownFileType = sourcecode.swift; path = WelcomeViewController.swift; sourceTree = "<group>"; };
		69BE003225E3BF7A0010E852 /* WelcomeTableViewCell.swift */ = {isa = PBXFileReference; lastKnownFileType = sourcecode.swift; path = WelcomeTableViewCell.swift; sourceTree = "<group>"; };
		69DB05D925E372D00023A80E /* AsyncSocketTest.app */ = {isa = PBXFileReference; explicitFileType = wrapper.application; includeInIndex = 0; path = AsyncSocketTest.app; sourceTree = BUILT_PRODUCTS_DIR; };
		69DB05DC25E372D00023A80E /* AppDelegate.swift */ = {isa = PBXFileReference; lastKnownFileType = sourcecode.swift; path = AppDelegate.swift; sourceTree = "<group>"; };
		69DB05DE25E372D00023A80E /* SceneDelegate.swift */ = {isa = PBXFileReference; lastKnownFileType = sourcecode.swift; path = SceneDelegate.swift; sourceTree = "<group>"; };
		69DB05E025E372D00023A80E /* ViewController.swift */ = {isa = PBXFileReference; lastKnownFileType = sourcecode.swift; path = ViewController.swift; sourceTree = "<group>"; };
		69DB05E325E372D00023A80E /* Base */ = {isa = PBXFileReference; lastKnownFileType = file.storyboard; name = Base; path = Base.lproj/Main.storyboard; sourceTree = "<group>"; };
		69DB05E525E372D20023A80E /* Assets.xcassets */ = {isa = PBXFileReference; lastKnownFileType = folder.assetcatalog; path = Assets.xcassets; sourceTree = "<group>"; };
		69DB05E825E372D20023A80E /* Base */ = {isa = PBXFileReference; lastKnownFileType = file.storyboard; name = Base; path = Base.lproj/LaunchScreen.storyboard; sourceTree = "<group>"; };
		69DB05EA25E372D20023A80E /* Info.plist */ = {isa = PBXFileReference; lastKnownFileType = text.plist.xml; path = Info.plist; sourceTree = "<group>"; };
		69DB05EF25E372D30023A80E /* AsyncSocketTestTests.xctest */ = {isa = PBXFileReference; explicitFileType = wrapper.cfbundle; includeInIndex = 0; path = AsyncSocketTestTests.xctest; sourceTree = BUILT_PRODUCTS_DIR; };
		69DB05F325E372D30023A80E /* AsyncSocketTestTests.swift */ = {isa = PBXFileReference; lastKnownFileType = sourcecode.swift; path = AsyncSocketTestTests.swift; sourceTree = "<group>"; };
		69DB05F525E372D30023A80E /* Info.plist */ = {isa = PBXFileReference; lastKnownFileType = text.plist.xml; path = Info.plist; sourceTree = "<group>"; };
		69DB05FA25E372D30023A80E /* AsyncSocketTestUITests.xctest */ = {isa = PBXFileReference; explicitFileType = wrapper.cfbundle; includeInIndex = 0; path = AsyncSocketTestUITests.xctest; sourceTree = BUILT_PRODUCTS_DIR; };
		69DB05FE25E372D30023A80E /* AsyncSocketTestUITests.swift */ = {isa = PBXFileReference; lastKnownFileType = sourcecode.swift; path = AsyncSocketTestUITests.swift; sourceTree = "<group>"; };
		69DB060025E372D30023A80E /* Info.plist */ = {isa = PBXFileReference; lastKnownFileType = text.plist.xml; path = Info.plist; sourceTree = "<group>"; };
		70C68634FFA273B351C465EC /* Pods-AsyncSocketTest-AsyncSocketTestUITests.release.xcconfig */ = {isa = PBXFileReference; includeInIndex = 1; lastKnownFileType = text.xcconfig; name = "Pods-AsyncSocketTest-AsyncSocketTestUITests.release.xcconfig"; path = "Target Support Files/Pods-AsyncSocketTest-AsyncSocketTestUITests/Pods-AsyncSocketTest-AsyncSocketTestUITests.release.xcconfig"; sourceTree = "<group>"; };
		72530DDBA78481B8F219F89D /* Pods-AsyncSocketTest.debug.xcconfig */ = {isa = PBXFileReference; includeInIndex = 1; lastKnownFileType = text.xcconfig; name = "Pods-AsyncSocketTest.debug.xcconfig"; path = "Target Support Files/Pods-AsyncSocketTest/Pods-AsyncSocketTest.debug.xcconfig"; sourceTree = "<group>"; };
		89C7AF8753CD52BE899E609A /* Pods_AsyncSocketTestTests.framework */ = {isa = PBXFileReference; explicitFileType = wrapper.framework; includeInIndex = 0; path = Pods_AsyncSocketTestTests.framework; sourceTree = BUILT_PRODUCTS_DIR; };
		92084BE9F3B6B61D2D752D2A /* Pods-AsyncSocketTest-AsyncSocketTestUITests.debug.xcconfig */ = {isa = PBXFileReference; includeInIndex = 1; lastKnownFileType = text.xcconfig; name = "Pods-AsyncSocketTest-AsyncSocketTestUITests.debug.xcconfig"; path = "Target Support Files/Pods-AsyncSocketTest-AsyncSocketTestUITests/Pods-AsyncSocketTest-AsyncSocketTestUITests.debug.xcconfig"; sourceTree = "<group>"; };
		D2194FA942AF05C46DBA421F /* Pods-AsyncSocketTestTests.release.xcconfig */ = {isa = PBXFileReference; includeInIndex = 1; lastKnownFileType = text.xcconfig; name = "Pods-AsyncSocketTestTests.release.xcconfig"; path = "Target Support Files/Pods-AsyncSocketTestTests/Pods-AsyncSocketTestTests.release.xcconfig"; sourceTree = "<group>"; };
		D6B8AA828D8C25BEEC9D661C /* Pods-AsyncSocketTest.release.xcconfig */ = {isa = PBXFileReference; includeInIndex = 1; lastKnownFileType = text.xcconfig; name = "Pods-AsyncSocketTest.release.xcconfig"; path = "Target Support Files/Pods-AsyncSocketTest/Pods-AsyncSocketTest.release.xcconfig"; sourceTree = "<group>"; };
		D719CF20E02D0143D37007F9 /* Pods_AsyncSocketTest_AsyncSocketTestUITests.framework */ = {isa = PBXFileReference; explicitFileType = wrapper.framework; includeInIndex = 0; path = Pods_AsyncSocketTest_AsyncSocketTestUITests.framework; sourceTree = BUILT_PRODUCTS_DIR; };
/* End PBXFileReference section */

/* Begin PBXFrameworksBuildPhase section */
		69DB05D625E372D00023A80E /* Frameworks */ = {
			isa = PBXFrameworksBuildPhase;
			buildActionMask = 2147483647;
			files = (
				158215C1C2DCB224F6444E04 /* Pods_AsyncSocketTest.framework in Frameworks */,
			);
			runOnlyForDeploymentPostprocessing = 0;
		};
		69DB05EC25E372D30023A80E /* Frameworks */ = {
			isa = PBXFrameworksBuildPhase;
			buildActionMask = 2147483647;
			files = (
				D423AE865811AF7336720DAD /* Pods_AsyncSocketTestTests.framework in Frameworks */,
			);
			runOnlyForDeploymentPostprocessing = 0;
		};
		69DB05F725E372D30023A80E /* Frameworks */ = {
			isa = PBXFrameworksBuildPhase;
			buildActionMask = 2147483647;
			files = (
				62743F78714FBB71EED7ACC5 /* Pods_AsyncSocketTest_AsyncSocketTestUITests.framework in Frameworks */,
			);
			runOnlyForDeploymentPostprocessing = 0;
		};
/* End PBXFrameworksBuildPhase section */

/* Begin PBXGroup section */
		6943A8B825E39AB700587623 /* Host */ = {
			isa = PBXGroup;
			children = (
				6943A8BA25E39ADC00587623 /* HostViewController.swift */,
				6943A8D925E3A28600587623 /* HostWorker.swift */,
				6943A8DE25E3A30D00587623 /* HostPresenter.swift */,
			);
			path = Host;
			sourceTree = "<group>";
		};
		6943A8B925E39AC000587623 /* Join */ = {
			isa = PBXGroup;
			children = (
				6943A8C225E39B8C00587623 /* JoinViewController.swift */,
				6943A8E325E3A57D00587623 /* JoinTableViewCell.swift */,
				6943A8E825E3A59200587623 /* JoinPresenter.swift */,
				6943A8ED25E3A5BE00587623 /* JoinWorker.swift */,
			);
			path = Join;
			sourceTree = "<group>";
		};
		6943A8C725E39D0600587623 /* Model */ = {
			isa = PBXGroup;
			children = (
				6943A8C825E39D2E00587623 /* Network.swift */,
				6943A8F525E3AEE300587623 /* Extensions.swift */,
			);
			path = Model;
			sourceTree = "<group>";
		};
		69BE003125E3BF3D0010E852 /* Welcome */ = {
			isa = PBXGroup;
			children = (
				6943A8FA25E3B37200587623 /* WelcomeViewController.swift */,
				69BE003225E3BF7A0010E852 /* WelcomeTableViewCell.swift */,
			);
			path = Welcome;
			sourceTree = "<group>";
		};
		69DB05D025E372D00023A80E = {
			isa = PBXGroup;
			children = (
				69DB05DB25E372D00023A80E /* AsyncSocketTest */,
				69DB05F225E372D30023A80E /* AsyncSocketTestTests */,
				69DB05FD25E372D30023A80E /* AsyncSocketTestUITests */,
				69DB05DA25E372D00023A80E /* Products */,
				E035A1067B789D74F711FFA8 /* Pods */,
				BF11FF2E14E02C580CCF5120 /* Frameworks */,
			);
			sourceTree = "<group>";
		};
		69DB05DA25E372D00023A80E /* Products */ = {
			isa = PBXGroup;
			children = (
				69DB05D925E372D00023A80E /* AsyncSocketTest.app */,
				69DB05EF25E372D30023A80E /* AsyncSocketTestTests.xctest */,
				69DB05FA25E372D30023A80E /* AsyncSocketTestUITests.xctest */,
			);
			name = Products;
			sourceTree = "<group>";
		};
		69DB05DB25E372D00023A80E /* AsyncSocketTest */ = {
			isa = PBXGroup;
			children = (
				6943A8C725E39D0600587623 /* Model */,
				6943A8B825E39AB700587623 /* Host */,
				6943A8B925E39AC000587623 /* Join */,
				69BE003125E3BF3D0010E852 /* Welcome */,
				69DB05DC25E372D00023A80E /* AppDelegate.swift */,
				69DB05DE25E372D00023A80E /* SceneDelegate.swift */,
				69DB05E025E372D00023A80E /* ViewController.swift */,
				69DB05E225E372D00023A80E /* Main.storyboard */,
				69DB05E525E372D20023A80E /* Assets.xcassets */,
				69DB05E725E372D20023A80E /* LaunchScreen.storyboard */,
				69DB05EA25E372D20023A80E /* Info.plist */,
			);
			path = AsyncSocketTest;
			sourceTree = "<group>";
		};
		69DB05F225E372D30023A80E /* AsyncSocketTestTests */ = {
			isa = PBXGroup;
			children = (
				69DB05F325E372D30023A80E /* AsyncSocketTestTests.swift */,
				69DB05F525E372D30023A80E /* Info.plist */,
			);
			path = AsyncSocketTestTests;
			sourceTree = "<group>";
		};
		69DB05FD25E372D30023A80E /* AsyncSocketTestUITests */ = {
			isa = PBXGroup;
			children = (
				69DB05FE25E372D30023A80E /* AsyncSocketTestUITests.swift */,
				69DB060025E372D30023A80E /* Info.plist */,
			);
			path = AsyncSocketTestUITests;
			sourceTree = "<group>";
		};
		BF11FF2E14E02C580CCF5120 /* Frameworks */ = {
			isa = PBXGroup;
			children = (
				4333D1C69F3EC3768340D657 /* Pods_AsyncSocketTest.framework */,
				D719CF20E02D0143D37007F9 /* Pods_AsyncSocketTest_AsyncSocketTestUITests.framework */,
				89C7AF8753CD52BE899E609A /* Pods_AsyncSocketTestTests.framework */,
			);
			name = Frameworks;
			sourceTree = "<group>";
		};
		E035A1067B789D74F711FFA8 /* Pods */ = {
			isa = PBXGroup;
			children = (
				72530DDBA78481B8F219F89D /* Pods-AsyncSocketTest.debug.xcconfig */,
				D6B8AA828D8C25BEEC9D661C /* Pods-AsyncSocketTest.release.xcconfig */,
				92084BE9F3B6B61D2D752D2A /* Pods-AsyncSocketTest-AsyncSocketTestUITests.debug.xcconfig */,
				70C68634FFA273B351C465EC /* Pods-AsyncSocketTest-AsyncSocketTestUITests.release.xcconfig */,
				2E279D207C82EE3434A68FC6 /* Pods-AsyncSocketTestTests.debug.xcconfig */,
				D2194FA942AF05C46DBA421F /* Pods-AsyncSocketTestTests.release.xcconfig */,
			);
			path = Pods;
			sourceTree = "<group>";
		};
/* End PBXGroup section */

/* Begin PBXNativeTarget section */
		69DB05D825E372D00023A80E /* AsyncSocketTest */ = {
			isa = PBXNativeTarget;
			buildConfigurationList = 69DB060325E372D30023A80E /* Build configuration list for PBXNativeTarget "AsyncSocketTest" */;
			buildPhases = (
				2E4FDBEA03159370363E81D2 /* [CP] Check Pods Manifest.lock */,
				69DB05D525E372D00023A80E /* Sources */,
				69DB05D625E372D00023A80E /* Frameworks */,
				69DB05D725E372D00023A80E /* Resources */,
				707B7CE7D3B93925A2CBEA2E /* [CP] Embed Pods Frameworks */,
			);
			buildRules = (
			);
			dependencies = (
			);
			name = AsyncSocketTest;
			productName = AsyncSocketTest;
			productReference = 69DB05D925E372D00023A80E /* AsyncSocketTest.app */;
			productType = "com.apple.product-type.application";
		};
		69DB05EE25E372D30023A80E /* AsyncSocketTestTests */ = {
			isa = PBXNativeTarget;
			buildConfigurationList = 69DB060625E372D30023A80E /* Build configuration list for PBXNativeTarget "AsyncSocketTestTests" */;
			buildPhases = (
				E694ADFEBCF6F9108E92AA41 /* [CP] Check Pods Manifest.lock */,
				69DB05EB25E372D30023A80E /* Sources */,
				69DB05EC25E372D30023A80E /* Frameworks */,
				69DB05ED25E372D30023A80E /* Resources */,
			);
			buildRules = (
			);
			dependencies = (
				69DB05F125E372D30023A80E /* PBXTargetDependency */,
			);
			name = AsyncSocketTestTests;
			productName = AsyncSocketTestTests;
			productReference = 69DB05EF25E372D30023A80E /* AsyncSocketTestTests.xctest */;
			productType = "com.apple.product-type.bundle.unit-test";
		};
		69DB05F925E372D30023A80E /* AsyncSocketTestUITests */ = {
			isa = PBXNativeTarget;
			buildConfigurationList = 69DB060925E372D30023A80E /* Build configuration list for PBXNativeTarget "AsyncSocketTestUITests" */;
			buildPhases = (
				043B460ADE7D4BC07605AFC6 /* [CP] Check Pods Manifest.lock */,
				69DB05F625E372D30023A80E /* Sources */,
				69DB05F725E372D30023A80E /* Frameworks */,
				69DB05F825E372D30023A80E /* Resources */,
				48A397C48F13E6BA3F9991C5 /* [CP] Embed Pods Frameworks */,
			);
			buildRules = (
			);
			dependencies = (
				69DB05FC25E372D30023A80E /* PBXTargetDependency */,
			);
			name = AsyncSocketTestUITests;
			productName = AsyncSocketTestUITests;
			productReference = 69DB05FA25E372D30023A80E /* AsyncSocketTestUITests.xctest */;
			productType = "com.apple.product-type.bundle.ui-testing";
		};
/* End PBXNativeTarget section */

/* Begin PBXProject section */
		69DB05D125E372D00023A80E /* Project object */ = {
			isa = PBXProject;
			attributes = {
				LastSwiftUpdateCheck = 1240;
				LastUpgradeCheck = 1240;
				TargetAttributes = {
					69DB05D825E372D00023A80E = {
						CreatedOnToolsVersion = 12.4;
					};
					69DB05EE25E372D30023A80E = {
						CreatedOnToolsVersion = 12.4;
						TestTargetID = 69DB05D825E372D00023A80E;
					};
					69DB05F925E372D30023A80E = {
						CreatedOnToolsVersion = 12.4;
						TestTargetID = 69DB05D825E372D00023A80E;
					};
				};
			};
			buildConfigurationList = 69DB05D425E372D00023A80E /* Build configuration list for PBXProject "AsyncSocketTest" */;
			compatibilityVersion = "Xcode 9.3";
			developmentRegion = en;
			hasScannedForEncodings = 0;
			knownRegions = (
				en,
				Base,
			);
			mainGroup = 69DB05D025E372D00023A80E;
			productRefGroup = 69DB05DA25E372D00023A80E /* Products */;
			projectDirPath = "";
			projectRoot = "";
			targets = (
				69DB05D825E372D00023A80E /* AsyncSocketTest */,
				69DB05EE25E372D30023A80E /* AsyncSocketTestTests */,
				69DB05F925E372D30023A80E /* AsyncSocketTestUITests */,
			);
		};
/* End PBXProject section */

/* Begin PBXResourcesBuildPhase section */
		69DB05D725E372D00023A80E /* Resources */ = {
			isa = PBXResourcesBuildPhase;
			buildActionMask = 2147483647;
			files = (
				69DB05E925E372D20023A80E /* LaunchScreen.storyboard in Resources */,
				69DB05E625E372D20023A80E /* Assets.xcassets in Resources */,
				69DB05E425E372D00023A80E /* Main.storyboard in Resources */,
			);
			runOnlyForDeploymentPostprocessing = 0;
		};
		69DB05ED25E372D30023A80E /* Resources */ = {
			isa = PBXResourcesBuildPhase;
			buildActionMask = 2147483647;
			files = (
			);
			runOnlyForDeploymentPostprocessing = 0;
		};
		69DB05F825E372D30023A80E /* Resources */ = {
			isa = PBXResourcesBuildPhase;
			buildActionMask = 2147483647;
			files = (
			);
			runOnlyForDeploymentPostprocessing = 0;
		};
/* End PBXResourcesBuildPhase section */

/* Begin PBXShellScriptBuildPhase section */
		043B460ADE7D4BC07605AFC6 /* [CP] Check Pods Manifest.lock */ = {
			isa = PBXShellScriptBuildPhase;
			buildActionMask = 2147483647;
			files = (
			);
			inputFileListPaths = (
			);
			inputPaths = (
				"${PODS_PODFILE_DIR_PATH}/Podfile.lock",
				"${PODS_ROOT}/Manifest.lock",
			);
			name = "[CP] Check Pods Manifest.lock";
			outputFileListPaths = (
			);
			outputPaths = (
				"$(DERIVED_FILE_DIR)/Pods-AsyncSocketTest-AsyncSocketTestUITests-checkManifestLockResult.txt",
			);
			runOnlyForDeploymentPostprocessing = 0;
			shellPath = /bin/sh;
			shellScript = "diff \"${PODS_PODFILE_DIR_PATH}/Podfile.lock\" \"${PODS_ROOT}/Manifest.lock\" > /dev/null\nif [ $? != 0 ] ; then\n    # print error to STDERR\n    echo \"error: The sandbox is not in sync with the Podfile.lock. Run 'pod install' or update your CocoaPods installation.\" >&2\n    exit 1\nfi\n# This output is used by Xcode 'outputs' to avoid re-running this script phase.\necho \"SUCCESS\" > \"${SCRIPT_OUTPUT_FILE_0}\"\n";
			showEnvVarsInLog = 0;
		};
		2E4FDBEA03159370363E81D2 /* [CP] Check Pods Manifest.lock */ = {
			isa = PBXShellScriptBuildPhase;
			buildActionMask = 2147483647;
			files = (
			);
			inputFileListPaths = (
			);
			inputPaths = (
				"${PODS_PODFILE_DIR_PATH}/Podfile.lock",
				"${PODS_ROOT}/Manifest.lock",
			);
			name = "[CP] Check Pods Manifest.lock";
			outputFileListPaths = (
			);
			outputPaths = (
				"$(DERIVED_FILE_DIR)/Pods-AsyncSocketTest-checkManifestLockResult.txt",
			);
			runOnlyForDeploymentPostprocessing = 0;
			shellPath = /bin/sh;
			shellScript = "diff \"${PODS_PODFILE_DIR_PATH}/Podfile.lock\" \"${PODS_ROOT}/Manifest.lock\" > /dev/null\nif [ $? != 0 ] ; then\n    # print error to STDERR\n    echo \"error: The sandbox is not in sync with the Podfile.lock. Run 'pod install' or update your CocoaPods installation.\" >&2\n    exit 1\nfi\n# This output is used by Xcode 'outputs' to avoid re-running this script phase.\necho \"SUCCESS\" > \"${SCRIPT_OUTPUT_FILE_0}\"\n";
			showEnvVarsInLog = 0;
		};
		48A397C48F13E6BA3F9991C5 /* [CP] Embed Pods Frameworks */ = {
			isa = PBXShellScriptBuildPhase;
			buildActionMask = 2147483647;
			files = (
			);
			inputFileListPaths = (
				"${PODS_ROOT}/Target Support Files/Pods-AsyncSocketTest-AsyncSocketTestUITests/Pods-AsyncSocketTest-AsyncSocketTestUITests-frameworks-${CONFIGURATION}-input-files.xcfilelist",
			);
			name = "[CP] Embed Pods Frameworks";
			outputFileListPaths = (
				"${PODS_ROOT}/Target Support Files/Pods-AsyncSocketTest-AsyncSocketTestUITests/Pods-AsyncSocketTest-AsyncSocketTestUITests-frameworks-${CONFIGURATION}-output-files.xcfilelist",
			);
			runOnlyForDeploymentPostprocessing = 0;
			shellPath = /bin/sh;
			shellScript = "\"${PODS_ROOT}/Target Support Files/Pods-AsyncSocketTest-AsyncSocketTestUITests/Pods-AsyncSocketTest-AsyncSocketTestUITests-frameworks.sh\"\n";
			showEnvVarsInLog = 0;
		};
		707B7CE7D3B93925A2CBEA2E /* [CP] Embed Pods Frameworks */ = {
			isa = PBXShellScriptBuildPhase;
			buildActionMask = 2147483647;
			files = (
			);
			inputFileListPaths = (
				"${PODS_ROOT}/Target Support Files/Pods-AsyncSocketTest/Pods-AsyncSocketTest-frameworks-${CONFIGURATION}-input-files.xcfilelist",
			);
			name = "[CP] Embed Pods Frameworks";
			outputFileListPaths = (
				"${PODS_ROOT}/Target Support Files/Pods-AsyncSocketTest/Pods-AsyncSocketTest-frameworks-${CONFIGURATION}-output-files.xcfilelist",
			);
			runOnlyForDeploymentPostprocessing = 0;
			shellPath = /bin/sh;
			shellScript = "\"${PODS_ROOT}/Target Support Files/Pods-AsyncSocketTest/Pods-AsyncSocketTest-frameworks.sh\"\n";
			showEnvVarsInLog = 0;
		};
		E694ADFEBCF6F9108E92AA41 /* [CP] Check Pods Manifest.lock */ = {
			isa = PBXShellScriptBuildPhase;
			buildActionMask = 2147483647;
			files = (
			);
			inputFileListPaths = (
			);
			inputPaths = (
				"${PODS_PODFILE_DIR_PATH}/Podfile.lock",
				"${PODS_ROOT}/Manifest.lock",
			);
			name = "[CP] Check Pods Manifest.lock";
			outputFileListPaths = (
			);
			outputPaths = (
				"$(DERIVED_FILE_DIR)/Pods-AsyncSocketTestTests-checkManifestLockResult.txt",
			);
			runOnlyForDeploymentPostprocessing = 0;
			shellPath = /bin/sh;
			shellScript = "diff \"${PODS_PODFILE_DIR_PATH}/Podfile.lock\" \"${PODS_ROOT}/Manifest.lock\" > /dev/null\nif [ $? != 0 ] ; then\n    # print error to STDERR\n    echo \"error: The sandbox is not in sync with the Podfile.lock. Run 'pod install' or update your CocoaPods installation.\" >&2\n    exit 1\nfi\n# This output is used by Xcode 'outputs' to avoid re-running this script phase.\necho \"SUCCESS\" > \"${SCRIPT_OUTPUT_FILE_0}\"\n";
			showEnvVarsInLog = 0;
		};
/* End PBXShellScriptBuildPhase section */

/* Begin PBXSourcesBuildPhase section */
		69DB05D525E372D00023A80E /* Sources */ = {
			isa = PBXSourcesBuildPhase;
			buildActionMask = 2147483647;
			files = (
				6943A8E925E3A59200587623 /* JoinPresenter.swift in Sources */,
				6943A8EE25E3A5BE00587623 /* JoinWorker.swift in Sources */,
				6943A8BB25E39ADC00587623 /* HostViewController.swift in Sources */,
				6943A8E425E3A57D00587623 /* JoinTableViewCell.swift in Sources */,
				69DB05E125E372D00023A80E /* ViewController.swift in Sources */,
				6943A8C925E39D2E00587623 /* Network.swift in Sources */,
				6943A8FB25E3B37200587623 /* WelcomeViewController.swift in Sources */,
				69DB05DD25E372D00023A80E /* AppDelegate.swift in Sources */,
				6943A8F625E3AEE300587623 /* Extensions.swift in Sources */,
				6943A8DF25E3A30D00587623 /* HostPresenter.swift in Sources */,
				6943A8DA25E3A28600587623 /* HostWorker.swift in Sources */,
				6943A8C325E39B8C00587623 /* JoinViewController.swift in Sources */,
				69BE003325E3BF7A0010E852 /* WelcomeTableViewCell.swift in Sources */,
				69DB05DF25E372D00023A80E /* SceneDelegate.swift in Sources */,
			);
			runOnlyForDeploymentPostprocessing = 0;
		};
		69DB05EB25E372D30023A80E /* Sources */ = {
			isa = PBXSourcesBuildPhase;
			buildActionMask = 2147483647;
			files = (
				69DB05F425E372D30023A80E /* AsyncSocketTestTests.swift in Sources */,
			);
			runOnlyForDeploymentPostprocessing = 0;
		};
		69DB05F625E372D30023A80E /* Sources */ = {
			isa = PBXSourcesBuildPhase;
			buildActionMask = 2147483647;
			files = (
				69DB05FF25E372D30023A80E /* AsyncSocketTestUITests.swift in Sources */,
			);
			runOnlyForDeploymentPostprocessing = 0;
		};
/* End PBXSourcesBuildPhase section */

/* Begin PBXTargetDependency section */
		69DB05F125E372D30023A80E /* PBXTargetDependency */ = {
			isa = PBXTargetDependency;
			target = 69DB05D825E372D00023A80E /* AsyncSocketTest */;
			targetProxy = 69DB05F025E372D30023A80E /* PBXContainerItemProxy */;
		};
		69DB05FC25E372D30023A80E /* PBXTargetDependency */ = {
			isa = PBXTargetDependency;
			target = 69DB05D825E372D00023A80E /* AsyncSocketTest */;
			targetProxy = 69DB05FB25E372D30023A80E /* PBXContainerItemProxy */;
		};
/* End PBXTargetDependency section */

/* Begin PBXVariantGroup section */
		69DB05E225E372D00023A80E /* Main.storyboard */ = {
			isa = PBXVariantGroup;
			children = (
				69DB05E325E372D00023A80E /* Base */,
			);
			name = Main.storyboard;
			sourceTree = "<group>";
		};
		69DB05E725E372D20023A80E /* LaunchScreen.storyboard */ = {
			isa = PBXVariantGroup;
			children = (
				69DB05E825E372D20023A80E /* Base */,
			);
			name = LaunchScreen.storyboard;
			sourceTree = "<group>";
		};
/* End PBXVariantGroup section */

/* Begin XCBuildConfiguration section */
		69DB060125E372D30023A80E /* Debug */ = {
			isa = XCBuildConfiguration;
			buildSettings = {
				ALWAYS_SEARCH_USER_PATHS = NO;
				CLANG_ANALYZER_NONNULL = YES;
				CLANG_ANALYZER_NUMBER_OBJECT_CONVERSION = YES_AGGRESSIVE;
				CLANG_CXX_LANGUAGE_STANDARD = "gnu++14";
				CLANG_CXX_LIBRARY = "libc++";
				CLANG_ENABLE_MODULES = YES;
				CLANG_ENABLE_OBJC_ARC = YES;
				CLANG_ENABLE_OBJC_WEAK = YES;
				CLANG_WARN_BLOCK_CAPTURE_AUTORELEASING = YES;
				CLANG_WARN_BOOL_CONVERSION = YES;
				CLANG_WARN_COMMA = YES;
				CLANG_WARN_CONSTANT_CONVERSION = YES;
				CLANG_WARN_DEPRECATED_OBJC_IMPLEMENTATIONS = YES;
				CLANG_WARN_DIRECT_OBJC_ISA_USAGE = YES_ERROR;
				CLANG_WARN_DOCUMENTATION_COMMENTS = YES;
				CLANG_WARN_EMPTY_BODY = YES;
				CLANG_WARN_ENUM_CONVERSION = YES;
				CLANG_WARN_INFINITE_RECURSION = YES;
				CLANG_WARN_INT_CONVERSION = YES;
				CLANG_WARN_NON_LITERAL_NULL_CONVERSION = YES;
				CLANG_WARN_OBJC_IMPLICIT_RETAIN_SELF = YES;
				CLANG_WARN_OBJC_LITERAL_CONVERSION = YES;
				CLANG_WARN_OBJC_ROOT_CLASS = YES_ERROR;
				CLANG_WARN_QUOTED_INCLUDE_IN_FRAMEWORK_HEADER = YES;
				CLANG_WARN_RANGE_LOOP_ANALYSIS = YES;
				CLANG_WARN_STRICT_PROTOTYPES = YES;
				CLANG_WARN_SUSPICIOUS_MOVE = YES;
				CLANG_WARN_UNGUARDED_AVAILABILITY = YES_AGGRESSIVE;
				CLANG_WARN_UNREACHABLE_CODE = YES;
				CLANG_WARN__DUPLICATE_METHOD_MATCH = YES;
				COPY_PHASE_STRIP = NO;
				DEBUG_INFORMATION_FORMAT = dwarf;
				ENABLE_STRICT_OBJC_MSGSEND = YES;
				ENABLE_TESTABILITY = YES;
				GCC_C_LANGUAGE_STANDARD = gnu11;
				GCC_DYNAMIC_NO_PIC = NO;
				GCC_NO_COMMON_BLOCKS = YES;
				GCC_OPTIMIZATION_LEVEL = 0;
				GCC_PREPROCESSOR_DEFINITIONS = (
					"DEBUG=1",
					"$(inherited)",
				);
				GCC_WARN_64_TO_32_BIT_CONVERSION = YES;
				GCC_WARN_ABOUT_RETURN_TYPE = YES_ERROR;
				GCC_WARN_UNDECLARED_SELECTOR = YES;
				GCC_WARN_UNINITIALIZED_AUTOS = YES_AGGRESSIVE;
				GCC_WARN_UNUSED_FUNCTION = YES;
				GCC_WARN_UNUSED_VARIABLE = YES;
				IPHONEOS_DEPLOYMENT_TARGET = 13.0;
				MTL_ENABLE_DEBUG_INFO = INCLUDE_SOURCE;
				MTL_FAST_MATH = YES;
				ONLY_ACTIVE_ARCH = YES;
				SDKROOT = iphoneos;
				SWIFT_ACTIVE_COMPILATION_CONDITIONS = DEBUG;
				SWIFT_OPTIMIZATION_LEVEL = "-Onone";
			};
			name = Debug;
		};
		69DB060225E372D30023A80E /* Release */ = {
			isa = XCBuildConfiguration;
			buildSettings = {
				ALWAYS_SEARCH_USER_PATHS = NO;
				CLANG_ANALYZER_NONNULL = YES;
				CLANG_ANALYZER_NUMBER_OBJECT_CONVERSION = YES_AGGRESSIVE;
				CLANG_CXX_LANGUAGE_STANDARD = "gnu++14";
				CLANG_CXX_LIBRARY = "libc++";
				CLANG_ENABLE_MODULES = YES;
				CLANG_ENABLE_OBJC_ARC = YES;
				CLANG_ENABLE_OBJC_WEAK = YES;
				CLANG_WARN_BLOCK_CAPTURE_AUTORELEASING = YES;
				CLANG_WARN_BOOL_CONVERSION = YES;
				CLANG_WARN_COMMA = YES;
				CLANG_WARN_CONSTANT_CONVERSION = YES;
				CLANG_WARN_DEPRECATED_OBJC_IMPLEMENTATIONS = YES;
				CLANG_WARN_DIRECT_OBJC_ISA_USAGE = YES_ERROR;
				CLANG_WARN_DOCUMENTATION_COMMENTS = YES;
				CLANG_WARN_EMPTY_BODY = YES;
				CLANG_WARN_ENUM_CONVERSION = YES;
				CLANG_WARN_INFINITE_RECURSION = YES;
				CLANG_WARN_INT_CONVERSION = YES;
				CLANG_WARN_NON_LITERAL_NULL_CONVERSION = YES;
				CLANG_WARN_OBJC_IMPLICIT_RETAIN_SELF = YES;
				CLANG_WARN_OBJC_LITERAL_CONVERSION = YES;
				CLANG_WARN_OBJC_ROOT_CLASS = YES_ERROR;
				CLANG_WARN_QUOTED_INCLUDE_IN_FRAMEWORK_HEADER = YES;
				CLANG_WARN_RANGE_LOOP_ANALYSIS = YES;
				CLANG_WARN_STRICT_PROTOTYPES = YES;
				CLANG_WARN_SUSPICIOUS_MOVE = YES;
				CLANG_WARN_UNGUARDED_AVAILABILITY = YES_AGGRESSIVE;
				CLANG_WARN_UNREACHABLE_CODE = YES;
				CLANG_WARN__DUPLICATE_METHOD_MATCH = YES;
				COPY_PHASE_STRIP = NO;
				DEBUG_INFORMATION_FORMAT = "dwarf-with-dsym";
				ENABLE_NS_ASSERTIONS = NO;
				ENABLE_STRICT_OBJC_MSGSEND = YES;
				GCC_C_LANGUAGE_STANDARD = gnu11;
				GCC_NO_COMMON_BLOCKS = YES;
				GCC_WARN_64_TO_32_BIT_CONVERSION = YES;
				GCC_WARN_ABOUT_RETURN_TYPE = YES_ERROR;
				GCC_WARN_UNDECLARED_SELECTOR = YES;
				GCC_WARN_UNINITIALIZED_AUTOS = YES_AGGRESSIVE;
				GCC_WARN_UNUSED_FUNCTION = YES;
				GCC_WARN_UNUSED_VARIABLE = YES;
				IPHONEOS_DEPLOYMENT_TARGET = 13.0;
				MTL_ENABLE_DEBUG_INFO = NO;
				MTL_FAST_MATH = YES;
				SDKROOT = iphoneos;
				SWIFT_COMPILATION_MODE = wholemodule;
				SWIFT_OPTIMIZATION_LEVEL = "-O";
				VALIDATE_PRODUCT = YES;
			};
			name = Release;
		};
		69DB060425E372D30023A80E /* Debug */ = {
			isa = XCBuildConfiguration;
			baseConfigurationReference = 72530DDBA78481B8F219F89D /* Pods-AsyncSocketTest.debug.xcconfig */;
			buildSettings = {
				ASSETCATALOG_COMPILER_APPICON_NAME = AppIcon;
				ASSETCATALOG_COMPILER_GLOBAL_ACCENT_COLOR_NAME = AccentColor;
				CODE_SIGN_IDENTITY = "iPhone Developer";
				CODE_SIGN_STYLE = Manual;
				DEVELOPMENT_TEAM = BJ6424JKXD;
				INFOPLIST_FILE = AsyncSocketTest/Info.plist;
				LD_RUNPATH_SEARCH_PATHS = (
					"$(inherited)",
					"@executable_path/Frameworks",
				);
				PRODUCT_BUNDLE_IDENTIFIER = test.AsyncSocketTest;
				PRODUCT_NAME = "$(TARGET_NAME)";
				PROVISIONING_PROFILE_SPECIFIER = TestProject;
				SWIFT_VERSION = 5.0;
				TARGETED_DEVICE_FAMILY = "1,2";
			};
			name = Debug;
		};
		69DB060525E372D30023A80E /* Release */ = {
			isa = XCBuildConfiguration;
			baseConfigurationReference = D6B8AA828D8C25BEEC9D661C /* Pods-AsyncSocketTest.release.xcconfig */;
			buildSettings = {
				ASSETCATALOG_COMPILER_APPICON_NAME = AppIcon;
				ASSETCATALOG_COMPILER_GLOBAL_ACCENT_COLOR_NAME = AccentColor;
				CODE_SIGN_IDENTITY = "iPhone Developer";
				CODE_SIGN_STYLE = Manual;
				DEVELOPMENT_TEAM = BJ6424JKXD;
				INFOPLIST_FILE = AsyncSocketTest/Info.plist;
				LD_RUNPATH_SEARCH_PATHS = (
					"$(inherited)",
					"@executable_path/Frameworks",
				);
				PRODUCT_BUNDLE_IDENTIFIER = test.AsyncSocketTest;
				PRODUCT_NAME = "$(TARGET_NAME)";
				PROVISIONING_PROFILE_SPECIFIER = TestProject;
				SWIFT_VERSION = 5.0;
				TARGETED_DEVICE_FAMILY = "1,2";
			};
			name = Release;
		};
		69DB060725E372D30023A80E /* Debug */ = {
			isa = XCBuildConfiguration;
			baseConfigurationReference = 2E279D207C82EE3434A68FC6 /* Pods-AsyncSocketTestTests.debug.xcconfig */;
			buildSettings = {
				ALWAYS_EMBED_SWIFT_STANDARD_LIBRARIES = YES;
				BUNDLE_LOADER = "$(TEST_HOST)";
				CODE_SIGN_STYLE = Automatic;
				INFOPLIST_FILE = AsyncSocketTestTests/Info.plist;
				IPHONEOS_DEPLOYMENT_TARGET = 14.4;
				LD_RUNPATH_SEARCH_PATHS = (
					"$(inherited)",
					"@executable_path/Frameworks",
					"@loader_path/Frameworks",
				);
				PRODUCT_BUNDLE_IDENTIFIER = test.AsyncSocketTestTests;
				PRODUCT_NAME = "$(TARGET_NAME)";
				SWIFT_VERSION = 5.0;
				TARGETED_DEVICE_FAMILY = "1,2";
				TEST_HOST = "$(BUILT_PRODUCTS_DIR)/AsyncSocketTest.app/AsyncSocketTest";
			};
			name = Debug;
		};
		69DB060825E372D30023A80E /* Release */ = {
			isa = XCBuildConfiguration;
			baseConfigurationReference = D2194FA942AF05C46DBA421F /* Pods-AsyncSocketTestTests.release.xcconfig */;
			buildSettings = {
				ALWAYS_EMBED_SWIFT_STANDARD_LIBRARIES = YES;
				BUNDLE_LOADER = "$(TEST_HOST)";
				CODE_SIGN_STYLE = Automatic;
				INFOPLIST_FILE = AsyncSocketTestTests/Info.plist;
				IPHONEOS_DEPLOYMENT_TARGET = 14.4;
				LD_RUNPATH_SEARCH_PATHS = (
					"$(inherited)",
					"@executable_path/Frameworks",
					"@loader_path/Frameworks",
				);
				PRODUCT_BUNDLE_IDENTIFIER = test.AsyncSocketTestTests;
				PRODUCT_NAME = "$(TARGET_NAME)";
				SWIFT_VERSION = 5.0;
				TARGETED_DEVICE_FAMILY = "1,2";
				TEST_HOST = "$(BUILT_PRODUCTS_DIR)/AsyncSocketTest.app/AsyncSocketTest";
			};
			name = Release;
		};
		69DB060A25E372D30023A80E /* Debug */ = {
			isa = XCBuildConfiguration;
			baseConfigurationReference = 92084BE9F3B6B61D2D752D2A /* Pods-AsyncSocketTest-AsyncSocketTestUITests.debug.xcconfig */;
			buildSettings = {
				ALWAYS_EMBED_SWIFT_STANDARD_LIBRARIES = YES;
				CODE_SIGN_STYLE = Automatic;
				INFOPLIST_FILE = AsyncSocketTestUITests/Info.plist;
				LD_RUNPATH_SEARCH_PATHS = (
					"$(inherited)",
					"@executable_path/Frameworks",
					"@loader_path/Frameworks",
				);
				PRODUCT_BUNDLE_IDENTIFIER = test.AsyncSocketTestUITests;
				PRODUCT_NAME = "$(TARGET_NAME)";
				SWIFT_VERSION = 5.0;
				TARGETED_DEVICE_FAMILY = "1,2";
				TEST_TARGET_NAME = AsyncSocketTest;
			};
			name = Debug;
		};
		69DB060B25E372D30023A80E /* Release */ = {
			isa = XCBuildConfiguration;
			baseConfigurationReference = 70C68634FFA273B351C465EC /* Pods-AsyncSocketTest-AsyncSocketTestUITests.release.xcconfig */;
			buildSettings = {
				ALWAYS_EMBED_SWIFT_STANDARD_LIBRARIES = YES;
				CODE_SIGN_STYLE = Automatic;
				INFOPLIST_FILE = AsyncSocketTestUITests/Info.plist;
				LD_RUNPATH_SEARCH_PATHS = (
					"$(inherited)",
					"@executable_path/Frameworks",
					"@loader_path/Frameworks",
				);
				PRODUCT_BUNDLE_IDENTIFIER = test.AsyncSocketTestUITests;
				PRODUCT_NAME = "$(TARGET_NAME)";
				SWIFT_VERSION = 5.0;
				TARGETED_DEVICE_FAMILY = "1,2";
				TEST_TARGET_NAME = AsyncSocketTest;
			};
			name = Release;
		};
/* End XCBuildConfiguration section */

/* Begin XCConfigurationList section */
		69DB05D425E372D00023A80E /* Build configuration list for PBXProject "AsyncSocketTest" */ = {
			isa = XCConfigurationList;
			buildConfigurations = (
				69DB060125E372D30023A80E /* Debug */,
				69DB060225E372D30023A80E /* Release */,
			);
			defaultConfigurationIsVisible = 0;
			defaultConfigurationName = Release;
		};
		69DB060325E372D30023A80E /* Build configuration list for PBXNativeTarget "AsyncSocketTest" */ = {
			isa = XCConfigurationList;
			buildConfigurations = (
				69DB060425E372D30023A80E /* Debug */,
				69DB060525E372D30023A80E /* Release */,
			);
			defaultConfigurationIsVisible = 0;
			defaultConfigurationName = Release;
		};
		69DB060625E372D30023A80E /* Build configuration list for PBXNativeTarget "AsyncSocketTestTests" */ = {
			isa = XCConfigurationList;
			buildConfigurations = (
				69DB060725E372D30023A80E /* Debug */,
				69DB060825E372D30023A80E /* Release */,
			);
			defaultConfigurationIsVisible = 0;
			defaultConfigurationName = Release;
		};
		69DB060925E372D30023A80E /* Build configuration list for PBXNativeTarget "AsyncSocketTestUITests" */ = {
			isa = XCConfigurationList;
			buildConfigurations = (
				69DB060A25E372D30023A80E /* Debug */,
				69DB060B25E372D30023A80E /* Release */,
			);
			defaultConfigurationIsVisible = 0;
			defaultConfigurationName = Release;
		};
/* End XCConfigurationList section */
	};
	rootObject = 69DB05D125E372D00023A80E /* Project object */;
}
